{
    "version": 3,
    "terraform_version": "0.8.7",
    "serial": 13,
    "lineage": "548e100b-42ef-4b28-b820-302dcd2155bf",
    "modules": [
        {
            "path": [
                "root"
            ],
            "outputs": {},
            "resources": {},
            "depends_on": []
        },
        {
            "path": [
                "root",
                "demo-instance"
            ],
            "outputs": {},
            "resources": {},
            "depends_on": []
        },
        {
            "path": [
                "root",
                "iam_profiles"
            ],
            "outputs": {
                "iam_profile_wordpress_instance": {
                    "sensitive": false,
                    "type": "string",
                    "value": "74D93920-ED26-11E3-AC10-0800200C9A66"
                },
                "iam_role_wordpress_instance": {
                    "sensitive": false,
                    "type": "string",
                    "value": "74D93920-ED26-11E3-AC10-0800200C9A66"
                }
            },
            "resources": {
                "aws_iam_instance_profile.wordpress_instance": {
                    "type": "aws_iam_instance_profile",
                    "depends_on": [
                        "aws_iam_role.wordpress_instance"
                    ],
                    "primary": {
                        "id": "demo-wordpress-instance",
                        "attributes": {
                            "arn": "arn:aws:iam::219615105485:instance-profile/demo-wordpress-instance",
                            "id": "demo-wordpress-instance",
                            "name": "demo-wordpress-instance",
                            "path": "/",
                            "roles.#": "1",
                            "roles.1455848035": "demo-wordpress-instance"
                        },
                        "meta": {},
                        "tainted": false
                    },
                    "deposed": [],
                    "provider": ""
                },
                "aws_iam_policy.wordpress_instance": {
                    "type": "aws_iam_policy",
                    "depends_on": [],
                    "primary": {
                        "id": "arn:aws:iam::219615105485:policy/demo-wordpress-instance",
                        "attributes": {
                            "arn": "arn:aws:iam::219615105485:policy/demo-wordpress-instance",
                            "id": "arn:aws:iam::219615105485:policy/demo-wordpress-instance",
                            "name": "demo-wordpress-instance",
                            "path": "/",
                            "policy": "{\n  \"Version\": \"2012-10-17\",\n  \"Statement\": [\n    {\n      \"Sid\": \"demoDescribeTags\",\n      \"Effect\": \"Allow\",\n      \"Action\": [\n        \"ec2:DescribeTags\"\n      ],\n      \"Resource\": [\n        \"*\"\n      ]\n    },\n    {\n      \"Sid\": \"democwlogs\",\n      \"Effect\": \"Allow\",\n      \"Action\": [\n        \"logs:CreateLogGroup\",\n        \"logs:CreateLogStream\",\n        \"logs:PutLogEvents\",\n        \"logs:DescribeLogStreams\"\n      ],\n      \"Resource\": [\n        \"arn:aws:logs:*:*:*\"\n      ]\n    }\n  ]\n}\n"
                        },
                        "meta": {},
                        "tainted": false
                    },
                    "deposed": [],
                    "provider": ""
                },
                "aws_iam_policy_attachment.wordpress_instance": {
                    "type": "aws_iam_policy_attachment",
                    "depends_on": [
                        "aws_iam_policy.wordpress_instance",
                        "aws_iam_role.wordpress_instance"
                    ],
                    "primary": {
                        "id": "demo-wordpress-instance",
                        "attributes": {
                            "groups.#": "0",
                            "id": "demo-wordpress-instance",
                            "name": "demo-wordpress-instance",
                            "policy_arn": "arn:aws:iam::219615105485:policy/demo-wordpress-instance",
                            "roles.#": "1",
                            "roles.1455848035": "demo-wordpress-instance",
                            "users.#": "0"
                        },
                        "meta": {},
                        "tainted": false
                    },
                    "deposed": [],
                    "provider": ""
                },
                "aws_iam_role.wordpress_instance": {
                    "type": "aws_iam_role",
                    "depends_on": [],
                    "primary": {
                        "id": "demo-wordpress-instance",
                        "attributes": {
                            "arn": "arn:aws:iam::219615105485:role/demo-wordpress-instance",
                            "assume_role_policy": "{\"Version\":\"2012-10-17\",\"Statement\":[{\"Sid\":\"\",\"Effect\":\"Allow\",\"Principal\":{\"Service\":\"ec2.amazonaws.com\"},\"Action\":\"sts:AssumeRole\"}]}",
                            "create_date": "2017-02-25T19:56:49Z",
                            "id": "demo-wordpress-instance",
                            "name": "demo-wordpress-instance",
                            "path": "/",
                            "unique_id": "AROAIN7JCVN6VEC4XABIK"
                        },
                        "meta": {},
                        "tainted": false
                    },
                    "deposed": [],
                    "provider": ""
                }
            },
            "depends_on": []
        },
        {
            "path": [
                "root",
                "key_pair_demo"
            ],
            "outputs": {
                "fingerprint": {
                    "sensitive": false,
                    "type": "string",
                    "value": "74D93920-ED26-11E3-AC10-0800200C9A66"
                },
                "key_name": {
                    "sensitive": false,
                    "type": "string",
                    "value": "74D93920-ED26-11E3-AC10-0800200C9A66"
                }
            },
            "resources": {
                "aws_key_pair.key_pair": {
                    "type": "aws_key_pair",
                    "depends_on": [],
                    "primary": {
                        "id": "demo",
                        "attributes": {
                            "fingerprint": "cb:fc:06:d9:a0:77:d6:43:f1:71:4e:d3:8c:ab:07:b4",
                            "id": "demo",
                            "key_name": "demo",
                            "public_key": "ssh-rsa AAAAB3NzaC1yc2EAAAADAQABAAACAQDfSf76KmWIT3TNcxp107zG0LPi1qchhl+bjTYpApu2f2WDeN/dcjpDTSTfWuPUsih8KdQLT9Uw2qkgkherRIF1JU156YuOqAdA5G2uyBT69dF7htl8DSIgiltLxLPv7lI6EnX/aX6LcTDwF8v/wlrOJvWuUkfoAvyyX/fArgR1rE2UbTkQ8Dgn0kdZjHGc0v+GRkr8vP+VyHmXa2mfhJgnthv76xTewhxjYxW4jRZA7Fu5CTBUjjTOBWq2pY22BBwm4ZGw3X3NdSTSFruKLdtemH/8nUZwG0FXbzQf7tUQQ2EvutXCDAnBck3eIerRHyQSY88MapLjB03fd11bgROukXau/3jo8MNt3sdvfeDc3FlTdmth7sEn6czxiwNEGuWf/+c8dY9xK15Fm+WEYpf5ILufcV6aIwY/XZi+7B+xtgsgTrljDYq5TN3aEfKsLm8Qqo3oo680mD5hmlEUilDIqTbpHQnSj9FcmRhXdSve8puMbZHi6cARyQlYPT0Py/81yLSUo/0RwOBrdUwstyRayUG40zIKMqcOmyWOV4AQQbzCScy+v9LcbR1+RmykGd0pg2JR8nOSflaOS1GWTbrhOE+MrU4NkCJ2+A9zQGvYen1rflQ2Lym0iQRLNVn1U/quYq9gC23/Og3DtAzCzeYp6PMyRMPO8VPBxsOC2JsACw== vincent.vu@rubikloud.com"
                        },
                        "meta": {
                            "schema_version": "1"
                        },
                        "tainted": false
                    },
                    "deposed": [],
                    "provider": ""
                }
            },
            "depends_on": []
        },
        {
            "path": [
                "root",
                "sgs"
            ],
            "outputs": {
                "sg_public_wordpress_db_id": {
                    "sensitive": false,
                    "type": "string",
                    "value": "74D93920-ED26-11E3-AC10-0800200C9A66"
                },
                "sg_public_wordpress_id": {
                    "sensitive": false,
                    "type": "string",
                    "value": "74D93920-ED26-11E3-AC10-0800200C9A66"
                }
            },
            "resources": {
                "aws_security_group.public_wordpress": {
                    "type": "aws_security_group",
                    "depends_on": [],
                    "primary": {
                        "id": "sg-ed9f9491",
                        "attributes": {
                            "description": "A security group for public wordpresss in demo environment",
                            "egress.#": "1",
                            "egress.482069346.cidr_blocks.#": "1",
                            "egress.482069346.cidr_blocks.0": "0.0.0.0/0",
                            "egress.482069346.from_port": "0",
                            "egress.482069346.prefix_list_ids.#": "0",
                            "egress.482069346.protocol": "-1",
                            "egress.482069346.security_groups.#": "0",
                            "egress.482069346.self": "false",
                            "egress.482069346.to_port": "0",
                            "id": "sg-ed9f9491",
                            "ingress.#": "3",
                            "ingress.2214680975.cidr_blocks.#": "1",
                            "ingress.2214680975.cidr_blocks.0": "0.0.0.0/0",
                            "ingress.2214680975.from_port": "80",
                            "ingress.2214680975.protocol": "tcp",
                            "ingress.2214680975.security_groups.#": "0",
                            "ingress.2214680975.self": "false",
                            "ingress.2214680975.to_port": "80",
                            "ingress.2541437006.cidr_blocks.#": "1",
                            "ingress.2541437006.cidr_blocks.0": "0.0.0.0/0",
                            "ingress.2541437006.from_port": "22",
                            "ingress.2541437006.protocol": "tcp",
                            "ingress.2541437006.security_groups.#": "0",
                            "ingress.2541437006.self": "false",
                            "ingress.2541437006.to_port": "22",
                            "ingress.2617001939.cidr_blocks.#": "1",
                            "ingress.2617001939.cidr_blocks.0": "0.0.0.0/0",
                            "ingress.2617001939.from_port": "443",
                            "ingress.2617001939.protocol": "tcp",
                            "ingress.2617001939.security_groups.#": "0",
                            "ingress.2617001939.self": "false",
                            "ingress.2617001939.to_port": "443",
                            "name": "demo-public_wordpress",
                            "owner_id": "219615105485",
                            "tags.%": "2",
                            "tags.Environment": "demo",
                            "tags.Name": "demo-public-wordpress",
                            "vpc_id": "vpc-9386f9f5"
                        },
                        "meta": {},
                        "tainted": false
                    },
                    "deposed": [],
                    "provider": ""
                },
                "aws_security_group.public_wordpress_db": {
                    "type": "aws_security_group",
                    "depends_on": [
                        "aws_security_group.public_wordpress"
                    ],
                    "primary": {
                        "id": "sg-16aebb6a",
                        "attributes": {
                            "description": "A security group for for database of wordpresss in demo environment",
                            "egress.#": "1",
                            "egress.482069346.cidr_blocks.#": "1",
                            "egress.482069346.cidr_blocks.0": "0.0.0.0/0",
                            "egress.482069346.from_port": "0",
                            "egress.482069346.prefix_list_ids.#": "0",
                            "egress.482069346.protocol": "-1",
                            "egress.482069346.security_groups.#": "0",
                            "egress.482069346.self": "false",
                            "egress.482069346.to_port": "0",
                            "id": "sg-16aebb6a",
                            "ingress.#": "1",
                            "ingress.4104426673.cidr_blocks.#": "0",
                            "ingress.4104426673.from_port": "3306",
                            "ingress.4104426673.protocol": "tcp",
                            "ingress.4104426673.security_groups.#": "1",
                            "ingress.4104426673.security_groups.1865194149": "sg-ed9f9491",
                            "ingress.4104426673.self": "false",
                            "ingress.4104426673.to_port": "3306",
                            "name": "demo-public-wordpress-db",
                            "owner_id": "219615105485",
                            "tags.%": "2",
                            "tags.Environment": "demo",
                            "tags.Name": "demo-public-wordpress",
                            "vpc_id": "vpc-9386f9f5"
                        },
                        "meta": {},
                        "tainted": false
                    },
                    "deposed": [],
                    "provider": ""
                }
            },
            "depends_on": []
        },
        {
            "path": [
                "root",
                "vpc"
            ],
            "outputs": {
                "default_security_group_id": {
                    "sensitive": false,
                    "type": "string",
                    "value": "74D93920-ED26-11E3-AC10-0800200C9A66"
                },
                "igw_id": {
                    "sensitive": false,
                    "type": "string",
                    "value": "74D93920-ED26-11E3-AC10-0800200C9A66"
                },
                "nat_eips": {
                    "sensitive": false,
                    "type": "string",
                    "value": "74D93920-ED26-11E3-AC10-0800200C9A66"
                },
                "nat_eips_public_ips": {
                    "sensitive": false,
                    "type": "string",
                    "value": "74D93920-ED26-11E3-AC10-0800200C9A66"
                },
                "natgw_ids": {
                    "sensitive": false,
                    "type": "string",
                    "value": "74D93920-ED26-11E3-AC10-0800200C9A66"
                },
                "private_route_table_ids": {
                    "sensitive": false,
                    "type": "string",
                    "value": "74D93920-ED26-11E3-AC10-0800200C9A66"
                },
                "private_subnets": {
                    "sensitive": false,
                    "type": "string",
                    "value": "74D93920-ED26-11E3-AC10-0800200C9A66"
                },
                "public_route_table_ids": {
                    "sensitive": false,
                    "type": "string",
                    "value": "74D93920-ED26-11E3-AC10-0800200C9A66"
                },
                "public_subnets": {
                    "sensitive": false,
                    "type": "string",
                    "value": "74D93920-ED26-11E3-AC10-0800200C9A66"
                },
                "vpc_id": {
                    "sensitive": false,
                    "type": "string",
                    "value": "74D93920-ED26-11E3-AC10-0800200C9A66"
                }
            },
            "resources": {
                "aws_internet_gateway.mod": {
                    "type": "aws_internet_gateway",
                    "depends_on": [
                        "aws_vpc.mod"
                    ],
                    "primary": {
                        "id": "igw-bc5c6edb",
                        "attributes": {
                            "id": "igw-bc5c6edb",
                            "tags.%": "2",
                            "tags.Environment": "demo",
                            "tags.Name": "demo-igw",
                            "vpc_id": "vpc-9386f9f5"
                        },
                        "meta": {},
                        "tainted": false
                    },
                    "deposed": [],
                    "provider": ""
                },
                "aws_route.public_internet_gateway": {
                    "type": "aws_route",
                    "depends_on": [
                        "aws_internet_gateway.mod",
                        "aws_route_table.public"
                    ],
                    "primary": {
                        "id": "r-rtb-d864e2a11080289494",
                        "attributes": {
                            "destination_cidr_block": "0.0.0.0/0",
                            "destination_prefix_list_id": "",
                            "gateway_id": "igw-bc5c6edb",
                            "id": "r-rtb-d864e2a11080289494",
                            "instance_id": "",
                            "instance_owner_id": "",
                            "nat_gateway_id": "",
                            "network_interface_id": "",
                            "origin": "CreateRoute",
                            "route_table_id": "rtb-d864e2a1",
                            "state": "active",
                            "vpc_peering_connection_id": ""
                        },
                        "meta": {},
                        "tainted": false
                    },
                    "deposed": [],
                    "provider": ""
                },
                "aws_route_table.private.0": {
                    "type": "aws_route_table",
                    "depends_on": [
                        "aws_vpc.mod"
                    ],
                    "primary": {
                        "id": "rtb-db64e2a2",
                        "attributes": {
                            "id": "rtb-db64e2a2",
                            "propagating_vgws.#": "0",
                            "route.#": "0",
                            "tags.%": "2",
                            "tags.Environment": "demo",
                            "tags.Name": "demo-rt-private-us-east-1a",
                            "vpc_id": "vpc-9386f9f5"
                        },
                        "meta": {},
                        "tainted": false
                    },
                    "deposed": [],
                    "provider": ""
                },
                "aws_route_table.private.1": {
                    "type": "aws_route_table",
                    "depends_on": [
                        "aws_vpc.mod"
                    ],
                    "primary": {
                        "id": "rtb-dd64e2a4",
                        "attributes": {
                            "id": "rtb-dd64e2a4",
                            "propagating_vgws.#": "0",
                            "route.#": "0",
                            "tags.%": "2",
                            "tags.Environment": "demo",
                            "tags.Name": "demo-rt-private-us-east-1b",
                            "vpc_id": "vpc-9386f9f5"
                        },
                        "meta": {},
                        "tainted": false
                    },
                    "deposed": [],
                    "provider": ""
                },
                "aws_route_table.private.2": {
                    "type": "aws_route_table",
                    "depends_on": [
                        "aws_vpc.mod"
                    ],
                    "primary": {
                        "id": "rtb-da64e2a3",
                        "attributes": {
                            "id": "rtb-da64e2a3",
                            "propagating_vgws.#": "0",
                            "route.#": "0",
                            "tags.%": "2",
                            "tags.Environment": "demo",
                            "tags.Name": "demo-rt-private-us-east-1c",
                            "vpc_id": "vpc-9386f9f5"
                        },
                        "meta": {},
                        "tainted": false
                    },
                    "deposed": [],
                    "provider": ""
                },
                "aws_route_table.public": {
                    "type": "aws_route_table",
                    "depends_on": [
                        "aws_vpc.mod"
                    ],
                    "primary": {
                        "id": "rtb-d864e2a1",
                        "attributes": {
                            "id": "rtb-d864e2a1",
                            "propagating_vgws.#": "0",
                            "route.#": "1",
                            "route.2867737361.cidr_block": "0.0.0.0/0",
                            "route.2867737361.gateway_id": "igw-bc5c6edb",
                            "route.2867737361.instance_id": "",
                            "route.2867737361.nat_gateway_id": "",
                            "route.2867737361.network_interface_id": "",
                            "route.2867737361.vpc_peering_connection_id": "",
                            "tags.%": "2",
                            "tags.Environment": "demo",
                            "tags.Name": "demo-rt-public",
                            "vpc_id": "vpc-9386f9f5"
                        },
                        "meta": {},
                        "tainted": false
                    },
                    "deposed": [],
                    "provider": ""
                },
                "aws_route_table_association.private.0": {
                    "type": "aws_route_table_association",
                    "depends_on": [
                        "aws_route_table.private",
                        "aws_subnet.private"
                    ],
                    "primary": {
                        "id": "rtbassoc-e42d7c9c",
                        "attributes": {
                            "id": "rtbassoc-e42d7c9c",
                            "route_table_id": "rtb-db64e2a2",
                            "subnet_id": "subnet-04351929"
                        },
                        "meta": {},
                        "tainted": false
                    },
                    "deposed": [],
                    "provider": ""
                },
                "aws_route_table_association.private.1": {
                    "type": "aws_route_table_association",
                    "depends_on": [
                        "aws_route_table.private",
                        "aws_subnet.private"
                    ],
                    "primary": {
                        "id": "rtbassoc-e32d7c9b",
                        "attributes": {
                            "id": "rtbassoc-e32d7c9b",
                            "route_table_id": "rtb-dd64e2a4",
                            "subnet_id": "subnet-b28a97fb"
                        },
                        "meta": {},
                        "tainted": false
                    },
                    "deposed": [],
                    "provider": ""
                },
                "aws_route_table_association.private.2": {
                    "type": "aws_route_table_association",
                    "depends_on": [
                        "aws_route_table.private",
                        "aws_subnet.private"
                    ],
                    "primary": {
                        "id": "rtbassoc-e52d7c9d",
                        "attributes": {
                            "id": "rtbassoc-e52d7c9d",
                            "route_table_id": "rtb-da64e2a3",
                            "subnet_id": "subnet-925c07c9"
                        },
                        "meta": {},
                        "tainted": false
                    },
                    "deposed": [],
                    "provider": ""
                },
                "aws_route_table_association.public.0": {
                    "type": "aws_route_table_association",
                    "depends_on": [
                        "aws_route_table.public",
                        "aws_subnet.public"
                    ],
                    "primary": {
                        "id": "rtbassoc-e12d7c99",
                        "attributes": {
                            "id": "rtbassoc-e12d7c99",
                            "route_table_id": "rtb-d864e2a1",
                            "subnet_id": "subnet-05351928"
                        },
                        "meta": {},
                        "tainted": false
                    },
                    "deposed": [],
                    "provider": ""
                },
                "aws_route_table_association.public.1": {
                    "type": "aws_route_table_association",
                    "depends_on": [
                        "aws_route_table.public",
                        "aws_subnet.public"
                    ],
                    "primary": {
                        "id": "rtbassoc-ef2d7c97",
                        "attributes": {
                            "id": "rtbassoc-ef2d7c97",
                            "route_table_id": "rtb-d864e2a1",
                            "subnet_id": "subnet-b38a97fa"
                        },
                        "meta": {},
                        "tainted": false
                    },
                    "deposed": [],
                    "provider": ""
                },
                "aws_route_table_association.public.2": {
                    "type": "aws_route_table_association",
                    "depends_on": [
                        "aws_route_table.public",
                        "aws_subnet.public"
                    ],
                    "primary": {
                        "id": "rtbassoc-e02d7c98",
                        "attributes": {
                            "id": "rtbassoc-e02d7c98",
                            "route_table_id": "rtb-d864e2a1",
                            "subnet_id": "subnet-915c07ca"
                        },
                        "meta": {},
                        "tainted": false
                    },
                    "deposed": [],
                    "provider": ""
                },
                "aws_subnet.private.0": {
                    "type": "aws_subnet",
                    "depends_on": [
                        "aws_vpc.mod"
                    ],
                    "primary": {
                        "id": "subnet-04351929",
                        "attributes": {
                            "availability_zone": "us-east-1a",
                            "cidr_block": "10.10.1.0/24",
                            "id": "subnet-04351929",
                            "map_public_ip_on_launch": "false",
                            "tags.%": "2",
                            "tags.Environment": "demo",
                            "tags.Name": "demo-subnet-private-us-east-1a",
                            "vpc_id": "vpc-9386f9f5"
                        },
                        "meta": {},
                        "tainted": false
                    },
                    "deposed": [],
                    "provider": ""
                },
                "aws_subnet.private.1": {
                    "type": "aws_subnet",
                    "depends_on": [
                        "aws_vpc.mod"
                    ],
                    "primary": {
                        "id": "subnet-b28a97fb",
                        "attributes": {
                            "availability_zone": "us-east-1b",
                            "cidr_block": "10.10.2.0/24",
                            "id": "subnet-b28a97fb",
                            "map_public_ip_on_launch": "false",
                            "tags.%": "2",
                            "tags.Environment": "demo",
                            "tags.Name": "demo-subnet-private-us-east-1b",
                            "vpc_id": "vpc-9386f9f5"
                        },
                        "meta": {},
                        "tainted": false
                    },
                    "deposed": [],
                    "provider": ""
                },
                "aws_subnet.private.2": {
                    "type": "aws_subnet",
                    "depends_on": [
                        "aws_vpc.mod"
                    ],
                    "primary": {
                        "id": "subnet-925c07c9",
                        "attributes": {
                            "availability_zone": "us-east-1c",
                            "cidr_block": "10.10.3.0/24",
                            "id": "subnet-925c07c9",
                            "map_public_ip_on_launch": "false",
                            "tags.%": "2",
                            "tags.Environment": "demo",
                            "tags.Name": "demo-subnet-private-us-east-1c",
                            "vpc_id": "vpc-9386f9f5"
                        },
                        "meta": {},
                        "tainted": false
                    },
                    "deposed": [],
                    "provider": ""
                },
                "aws_subnet.public.0": {
                    "type": "aws_subnet",
                    "depends_on": [
                        "aws_vpc.mod"
                    ],
                    "primary": {
                        "id": "subnet-05351928",
                        "attributes": {
                            "availability_zone": "us-east-1a",
                            "cidr_block": "10.10.101.0/24",
                            "id": "subnet-05351928",
                            "map_public_ip_on_launch": "true",
                            "tags.%": "2",
                            "tags.Environment": "demo",
                            "tags.Name": "demo-subnet-public-us-east-1a",
                            "vpc_id": "vpc-9386f9f5"
                        },
                        "meta": {},
                        "tainted": false
                    },
                    "deposed": [],
                    "provider": ""
                },
                "aws_subnet.public.1": {
                    "type": "aws_subnet",
                    "depends_on": [
                        "aws_vpc.mod"
                    ],
                    "primary": {
                        "id": "subnet-b38a97fa",
                        "attributes": {
                            "availability_zone": "us-east-1b",
                            "cidr_block": "10.10.102.0/24",
                            "id": "subnet-b38a97fa",
                            "map_public_ip_on_launch": "true",
                            "tags.%": "2",
                            "tags.Environment": "demo",
                            "tags.Name": "demo-subnet-public-us-east-1b",
                            "vpc_id": "vpc-9386f9f5"
                        },
                        "meta": {},
                        "tainted": false
                    },
                    "deposed": [],
                    "provider": ""
                },
                "aws_subnet.public.2": {
                    "type": "aws_subnet",
                    "depends_on": [
                        "aws_vpc.mod"
                    ],
                    "primary": {
                        "id": "subnet-915c07ca",
                        "attributes": {
                            "availability_zone": "us-east-1c",
                            "cidr_block": "10.10.103.0/24",
                            "id": "subnet-915c07ca",
                            "map_public_ip_on_launch": "true",
                            "tags.%": "2",
                            "tags.Environment": "demo",
                            "tags.Name": "demo-subnet-public-us-east-1c",
                            "vpc_id": "vpc-9386f9f5"
                        },
                        "meta": {},
                        "tainted": false
                    },
                    "deposed": [],
                    "provider": ""
                },
                "aws_vpc.mod": {
                    "type": "aws_vpc",
                    "depends_on": [],
                    "primary": {
                        "id": "vpc-9386f9f5",
                        "attributes": {
                            "cidr_block": "10.10.0.0/16",
                            "default_network_acl_id": "acl-a6e3ecc0",
                            "default_route_table_id": "rtb-e664e29f",
                            "default_security_group_id": "sg-9a474ce6",
                            "dhcp_options_id": "dopt-b04c83d7",
                            "enable_classiclink": "false",
                            "enable_dns_hostnames": "false",
                            "enable_dns_support": "false",
                            "id": "vpc-9386f9f5",
                            "instance_tenancy": "default",
                            "main_route_table_id": "rtb-e664e29f",
                            "tags.%": "2",
                            "tags.Environment": "demo",
                            "tags.Name": "demo"
                        },
                        "meta": {},
                        "tainted": false
                    },
                    "deposed": [],
                    "provider": ""
                }
            },
            "depends_on": []
        },
        {
            "path": [
                "root",
                "wordpress-db"
            ],
            "outputs": {
                "address": {
                    "sensitive": false,
                    "type": "string",
                    "value": "74D93920-ED26-11E3-AC10-0800200C9A66"
                },
                "endpoint": {
                    "sensitive": false,
                    "type": "string",
                    "value": "74D93920-ED26-11E3-AC10-0800200C9A66"
                },
                "id": {
                    "sensitive": false,
                    "type": "string",
                    "value": "74D93920-ED26-11E3-AC10-0800200C9A66"
                },
                "name": {
                    "sensitive": false,
                    "type": "string",
                    "value": "74D93920-ED26-11E3-AC10-0800200C9A66"
                },
                "port": {
                    "sensitive": false,
                    "type": "string",
                    "value": "74D93920-ED26-11E3-AC10-0800200C9A66"
                }
            },
            "resources": {
                "aws_db_instance.mysql": {
                    "type": "aws_db_instance",
                    "depends_on": [
                        "aws_db_subnet_group.mysql"
                    ],
                    "primary": {
                        "id": "demo-wordpress",
                        "attributes": {
                            "address": "demo-wordpress.cwf1xeyubqhp.us-east-1.rds.amazonaws.com",
                            "allocated_storage": "30",
                            "arn": "arn:aws:rds:us-east-1:219615105485:db:demo-wordpress",
                            "auto_minor_version_upgrade": "true",
                            "availability_zone": "us-east-1a",
                            "backup_retention_period": "1",
                            "backup_window": "14:17-14:47",
                            "copy_tags_to_snapshot": "false",
                            "db_subnet_group_name": "demo-mysql-wordpress",
                            "endpoint": "demo-wordpress.cwf1xeyubqhp.us-east-1.rds.amazonaws.com:3306",
                            "engine": "mysql",
                            "engine_version": "5.5.46",
                            "hosted_zone_id": "Z2R2ITUGPM61AM",
                            "id": "demo-wordpress",
                            "identifier": "demo-wordpress",
                            "instance_class": "db.t2.micro",
                            "iops": "0",
                            "kms_key_id": "",
                            "license_model": "general-public-license",
                            "maintenance_window": "sat:03:27-sat:03:57",
                            "monitoring_interval": "0",
                            "multi_az": "false",
                            "name": "wordpress",
                            "option_group_name": "default:mysql-5-5",
                            "parameter_group_name": "default.mysql5.5",
                            "password": "Xg4gc30b",
                            "port": "3306",
                            "publicly_accessible": "false",
                            "replicas.#": "0",
                            "replicate_source_db": "",
                            "security_group_names.#": "0",
                            "skip_final_snapshot": "true",
                            "status": "available",
                            "storage_encrypted": "false",
                            "storage_type": "gp2",
                            "tags.%": "2",
                            "tags.Environment": "demo",
                            "tags.Roles": "wordpress-demo",
                            "timezone": "",
                            "username": "admin",
                            "vpc_security_group_ids.#": "1",
                            "vpc_security_group_ids.901380311": "sg-16aebb6a"
                        },
                        "meta": {},
                        "tainted": false
                    },
                    "deposed": [],
                    "provider": ""
                },
                "aws_db_subnet_group.mysql": {
                    "type": "aws_db_subnet_group",
                    "depends_on": [],
                    "primary": {
                        "id": "demo-mysql-wordpress",
                        "attributes": {
                            "arn": "arn:aws:rds:us-east-1:219615105485:subgrp:demo-mysql-wordpress",
                            "description": "Managed by Terraform",
                            "id": "demo-mysql-wordpress",
                            "name": "demo-mysql-wordpress",
                            "subnet_ids.#": "3",
                            "subnet_ids.1139546115": "subnet-925c07c9",
                            "subnet_ids.1341901086": "subnet-04351929",
                            "subnet_ids.1899529374": "subnet-b28a97fb",
                            "tags.%": "0"
                        },
                        "meta": {},
                        "tainted": false
                    },
                    "deposed": [],
                    "provider": ""
                }
            },
            "depends_on": []
        },
        {
            "path": [
                "root",
                "wordpress-instance"
            ],
            "outputs": {
                "id": {
                    "sensitive": false,
                    "type": "string",
                    "value": "74D93920-ED26-11E3-AC10-0800200C9A66"
                },
                "private_dns": {
                    "sensitive": false,
                    "type": "string",
                    "value": "74D93920-ED26-11E3-AC10-0800200C9A66"
                },
                "private_ip": {
                    "sensitive": false,
                    "type": "string",
                    "value": "74D93920-ED26-11E3-AC10-0800200C9A66"
                },
                "public_dns": {
                    "sensitive": false,
                    "type": "string",
                    "value": "74D93920-ED26-11E3-AC10-0800200C9A66"
                },
                "public_ip": {
                    "sensitive": false,
                    "type": "string",
                    "value": "74D93920-ED26-11E3-AC10-0800200C9A66"
                }
            },
            "resources": {
                "aws_instance.instance": {
                    "type": "aws_instance",
                    "depends_on": [],
                    "primary": {
                        "id": "i-00027f6cc6b60372f",
                        "attributes": {
                            "ami": "ami-b14ba7a7",
                            "associate_public_ip_address": "true",
                            "availability_zone": "us-east-1a",
                            "disable_api_termination": "false",
                            "ebs_block_device.#": "0",
                            "ebs_optimized": "false",
                            "ephemeral_block_device.#": "0",
                            "iam_instance_profile": "demo-wordpress-instance",
                            "id": "i-00027f6cc6b60372f",
                            "instance_state": "running",
                            "instance_type": "t2.micro",
                            "key_name": "demo",
                            "monitoring": "false",
                            "network_interface_id": "eni-4eca2abb",
                            "private_dns": "ip-10-10-101-197.ec2.internal",
                            "private_ip": "10.10.101.197",
                            "public_dns": "",
                            "public_ip": "54.174.144.11",
                            "root_block_device.#": "1",
                            "root_block_device.0.delete_on_termination": "true",
                            "root_block_device.0.iops": "0",
                            "root_block_device.0.volume_size": "20",
                            "root_block_device.0.volume_type": "standard",
                            "security_groups.#": "0",
                            "source_dest_check": "true",
                            "subnet_id": "subnet-05351928",
                            "tags.%": "3",
                            "tags.Environment": "demo",
                            "tags.Name": "demo-wordpress",
                            "tags.Roles": "wordpress",
                            "tenancy": "default",
                            "user_data": "0140f6f23e62a733d8ac008c75ba5badf6ca66a5",
                            "vpc_security_group_ids.#": "1",
                            "vpc_security_group_ids.1865194149": "sg-ed9f9491"
                        },
                        "meta": {
                            "schema_version": "1"
                        },
                        "tainted": false
                    },
                    "deposed": [],
                    "provider": ""
                }
            },
            "depends_on": []
        }
    ]
}
